
Microsoft Visual Studio Solution File, Format Version 12.00
# Visual Studio Version 17
VisualStudioVersion = 17.14.36414.22
MinimumVisualStudioVersion = 10.0.40219.1
Project("{FAE04EC0-301F-11D3-BF4B-00C04F79EFBC}") = "Route.GYM.BLL", "Route.GYM.BLL\Route.GYM.BLL.csproj", "{40740D6B-C70C-41A2-A6AD-039E5FCD6147}"
EndProject
Project("{FAE04EC0-301F-11D3-BF4B-00C04F79EFBC}") = "Route.GYM.DAL", "Route.GYM.DAL\Route.GYM.DAL.csproj", "{0222EFE1-EE88-49B4-A743-B71005A31544}"
EndProject
Project("{FAE04EC0-301F-11D3-BF4B-00C04F79EFBC}") = "Route.MVCGYM.PL", "Route.MVCGYM.PL\Route.MVCGYM.PL.csproj", "{712CB446-C15E-4646-BA8A-8104A3CC3659}"
EndProject
Global
	GlobalSection(SolutionConfigurationPlatforms) = preSolution
		Debug|Any CPU = Debug|Any CPU
		Release|Any CPU = Release|Any CPU
	EndGlobalSection
	GlobalSection(ProjectConfigurationPlatforms) = postSolution
		{40740D6B-C70C-41A2-A6AD-039E5FCD6147}.Debug|Any CPU.ActiveCfg = Debug|Any CPU
		{40740D6B-C70C-41A2-A6AD-039E5FCD6147}.Debug|Any CPU.Build.0 = Debug|Any CPU
		{40740D6B-C70C-41A2-A6AD-039E5FCD6147}.Release|Any CPU.ActiveCfg = Release|Any CPU
		{40740D6B-C70C-41A2-A6AD-039E5FCD6147}.Release|Any CPU.Build.0 = Release|Any CPU
		{0222EFE1-EE88-49B4-A743-B71005A31544}.Debug|Any CPU.ActiveCfg = Debug|Any CPU
		{0222EFE1-EE88-49B4-A743-B71005A31544}.Debug|Any CPU.Build.0 = Debug|Any CPU
		{0222EFE1-EE88-49B4-A743-B71005A31544}.Release|Any CPU.ActiveCfg = Release|Any CPU
		{0222EFE1-EE88-49B4-A743-B71005A31544}.Release|Any CPU.Build.0 = Release|Any CPU
		{712CB446-C15E-4646-BA8A-8104A3CC3659}.Debug|Any CPU.ActiveCfg = Debug|Any CPU
		{712CB446-C15E-4646-BA8A-8104A3CC3659}.Debug|Any CPU.Build.0 = Debug|Any CPU
		{712CB446-C15E-4646-BA8A-8104A3CC3659}.Release|Any CPU.ActiveCfg = Release|Any CPU
		{712CB446-C15E-4646-BA8A-8104A3CC3659}.Release|Any CPU.Build.0 = Release|Any CPU
	EndGlobalSection
	GlobalSection(SolutionProperties) = preSolution
		HideSolutionNode = FALSE
	EndGlobalSection
	GlobalSection(ExtensibilityGlobals) = postSolution
		SolutionGuid = {524EB078-DF82-4EC0-8D25-DD5F8E123277}
	EndGlobalSection
EndGlobal
